
Microsoft Visual Studio Solution File, Format Version 12.00
# Visual Studio Version 17
VisualStudioVersion = 17.7.34009.444
MinimumVisualStudioVersion = 10.0.40219.1
Project("{FAE04EC0-301F-11D3-BF4B-00C04F79EFBC}") = "Code2", "Code2\Code2.csproj", "{650165B2-0FD9-4319-A02F-4FF08AA5209C}"
EndProject
Global
	GlobalSection(SolutionConfigurationPlatforms) = preSolution
		Debug|Any CPU = Debug|Any CPU
		Release|Any CPU = Release|Any CPU
	EndGlobalSection
	GlobalSection(ProjectConfigurationPlatforms) = postSolution
		{650165B2-0FD9-4319-A02F-4FF08AA5209C}.Debug|Any CPU.ActiveCfg = Debug|Any CPU
		{650165B2-0FD9-4319-A02F-4FF08AA5209C}.Debug|Any CPU.Build.0 = Debug|Any CPU
		{650165B2-0FD9-4319-A02F-4FF08AA5209C}.Release|Any CPU.ActiveCfg = Release|Any CPU
		{650165B2-0FD9-4319-A02F-4FF08AA5209C}.Release|Any CPU.Build.0 = Release|Any CPU
	EndGlobalSection
	GlobalSection(SolutionProperties) = preSolution
		HideSolutionNode = FALSE
	EndGlobalSection
	GlobalSection(ExtensibilityGlobals) = postSolution
		SolutionGuid = {DA04579D-E830-4B77-80AF-25E101ACCF01}
	EndGlobalSection
EndGlobal
